PODS:
  - PhraseApp (1.2.1)
  - SnapKit (5.0.1)

DEPENDENCIES:
  - PhraseApp (= 1.2.1)
  - SnapKit

SPEC REPOS:
  trunk:
    - PhraseApp
    - SnapKit

SPEC CHECKSUMS:
  PhraseApp: 44631681eaefeec20448b116aeb2ae027a8a2766
  SnapKit: 97b92857e3df3a0c71833cce143274bf6ef8e5eb

PODFILE CHECKSUM: fbde3743ad608127bba587f2b2e653f47ad51b69

COCOAPODS: 1.8.4
